// !$*UTF8*$!
{
	archiveVersion = 1;
	classes = {
	};
	objectVersion = 52;
	objects = {

/* Begin PBXBuildFile section */
		1A0219A520BF16C800B23FE4 /* URLRequestConvertible+Request.swift in Sources */ = {isa = PBXBuildFile; fileRef = 1A0219A420BF16C800B23FE4 /* URLRequestConvertible+Request.swift */; };
		1A0219A820BF1E2D00B23FE4 /* Collection.swift in Sources */ = {isa = PBXBuildFile; fileRef = 1A0219A620BF1E2D00B23FE4 /* Collection.swift */; };
		1A0219A920BF1E2D00B23FE4 /* PreviewPhoto.swift in Sources */ = {isa = PBXBuildFile; fileRef = 1A0219A720BF1E2D00B23FE4 /* PreviewPhoto.swift */; };
		1A0219AB20BF242500B23FE4 /* PhotoLinks.swift in Sources */ = {isa = PBXBuildFile; fileRef = 1A0219AA20BF242500B23FE4 /* PhotoLinks.swift */; };
		1A0219AD20BF242D00B23FE4 /* CollectionLinks.swift in Sources */ = {isa = PBXBuildFile; fileRef = 1A0219AC20BF242D00B23FE4 /* CollectionLinks.swift */; };
		1A0219AF20BF248000B23FE4 /* PhotoUrls.swift in Sources */ = {isa = PBXBuildFile; fileRef = 1A0219AE20BF248000B23FE4 /* PhotoUrls.swift */; };
		1A0219B320BF2A9700B23FE4 /* HexColors.swift in Sources */ = {isa = PBXBuildFile; fileRef = 1A0219B220BF2A9700B23FE4 /* HexColors.swift */; };
		1A75493A20BDDEDA00D9D568 /* AppDelegate.swift in Sources */ = {isa = PBXBuildFile; fileRef = 1A75493920BDDEDA00D9D568 /* AppDelegate.swift */; };
		1A75493C20BDDEDA00D9D568 /* TodayViewController.swift in Sources */ = {isa = PBXBuildFile; fileRef = 1A75493B20BDDEDA00D9D568 /* TodayViewController.swift */; };
		1A75494120BDDEDC00D9D568 /* Assets.xcassets in Resources */ = {isa = PBXBuildFile; fileRef = 1A75494020BDDEDC00D9D568 /* Assets.xcassets */; };
		1A75494420BDDEDC00D9D568 /* LaunchScreen.storyboard in Resources */ = {isa = PBXBuildFile; fileRef = 1A75494220BDDEDC00D9D568 /* LaunchScreen.storyboard */; };
		1A75494C20BDEA6500D9D568 /* TabBarController.swift in Sources */ = {isa = PBXBuildFile; fileRef = 1A75494B20BDEA6500D9D568 /* TabBarController.swift */; };
		1A75494E20BDF7D000D9D568 /* TodayCollectionViewCell.swift in Sources */ = {isa = PBXBuildFile; fileRef = 1A75494D20BDF7D000D9D568 /* TodayCollectionViewCell.swift */; };
		1AB2DEBE20BE30500033119F /* TodayHeaderView.swift in Sources */ = {isa = PBXBuildFile; fileRef = 1AB2DEBD20BE30500033119F /* TodayHeaderView.swift */; };
		1AB2DEC220BE3A560033119F /* TextStyle.swift in Sources */ = {isa = PBXBuildFile; fileRef = 1AB2DEC120BE3A560033119F /* TextStyle.swift */; };
		1AB2DEC920BE52D70033119F /* Route.swift in Sources */ = {isa = PBXBuildFile; fileRef = 1AB2DEC820BE52D70033119F /* Route.swift */; };
		1AB2DECC20BE55940033119F /* Api.swift in Sources */ = {isa = PBXBuildFile; fileRef = 1AB2DECB20BE55940033119F /* Api.swift */; };
		1AB2DED720BE66DA0033119F /* Photo.swift in Sources */ = {isa = PBXBuildFile; fileRef = 1AB2DED220BE66DA0033119F /* Photo.swift */; };
		1AB2DED920BE66DA0033119F /* User.swift in Sources */ = {isa = PBXBuildFile; fileRef = 1AB2DED420BE66DA0033119F /* User.swift */; };
		1AB2DEDA20BE66DA0033119F /* ProfileImage.swift in Sources */ = {isa = PBXBuildFile; fileRef = 1AB2DED520BE66DA0033119F /* ProfileImage.swift */; };
		1AD8AF3620C0B02600655B05 /* PhotoSectionModel.swift in Sources */ = {isa = PBXBuildFile; fileRef = 1AD8AF3420C0B02500655B05 /* PhotoSectionModel.swift */; };
		1AD8AF3720C0B02600655B05 /* CollectionSectionModel.swift in Sources */ = {isa = PBXBuildFile; fileRef = 1AD8AF3520C0B02500655B05 /* CollectionSectionModel.swift */; };
		BF76F37123CF7CB40084BEC2 /* SnapKit in Frameworks */ = {isa = PBXBuildFile; productRef = BF76F37023CF7CB40084BEC2 /* SnapKit */; };
		BF76F37323CF7CFD0084BEC2 /* HTTPMethod.swift in Sources */ = {isa = PBXBuildFile; fileRef = BF76F37223CF7CFD0084BEC2 /* HTTPMethod.swift */; };
		BF76F37523CF7D320084BEC2 /* ParameterEncoder.swift in Sources */ = {isa = PBXBuildFile; fileRef = BF76F37423CF7D320084BEC2 /* ParameterEncoder.swift */; };
		BF76F37723CF930E0084BEC2 /* UIImageView+Cache.swift in Sources */ = {isa = PBXBuildFile; fileRef = BF76F37623CF930E0084BEC2 /* UIImageView+Cache.swift */; };
		BF94FAEB23D0EAA9000D0878 /* TodayViewModel.swift in Sources */ = {isa = PBXBuildFile; fileRef = BF94FAEA23D0EAA9000D0878 /* TodayViewModel.swift */; };
		BF94FAEE23D62179000D0878 /* RocketData in Frameworks */ = {isa = PBXBuildFile; productRef = BF94FAED23D62179000D0878 /* RocketData */; };
		BF94FAF023D76141000D0878 /* RocketDataSetup.swift in Sources */ = {isa = PBXBuildFile; fileRef = BF94FAEF23D76141000D0878 /* RocketDataSetup.swift */; };
		BF94FAF323D76273000D0878 /* Disk in Frameworks */ = {isa = PBXBuildFile; productRef = BF94FAF223D76273000D0878 /* Disk */; };
		BF94FAF623D9EB33000D0878 /* CollectionViewModel.swift in Sources */ = {isa = PBXBuildFile; fileRef = BF94FAF523D9EB33000D0878 /* CollectionViewModel.swift */; };
/* End PBXBuildFile section */

/* Begin PBXFileReference section */
		1A0219A420BF16C800B23FE4 /* URLRequestConvertible+Request.swift */ = {isa = PBXFileReference; lastKnownFileType = sourcecode.swift; path = "URLRequestConvertible+Request.swift"; sourceTree = "<group>"; };
		1A0219A620BF1E2D00B23FE4 /* Collection.swift */ = {isa = PBXFileReference; fileEncoding = 4; lastKnownFileType = sourcecode.swift; path = Collection.swift; sourceTree = "<group>"; };
		1A0219A720BF1E2D00B23FE4 /* PreviewPhoto.swift */ = {isa = PBXFileReference; fileEncoding = 4; lastKnownFileType = sourcecode.swift; path = PreviewPhoto.swift; sourceTree = "<group>"; };
		1A0219AA20BF242500B23FE4 /* PhotoLinks.swift */ = {isa = PBXFileReference; fileEncoding = 4; lastKnownFileType = sourcecode.swift; path = PhotoLinks.swift; sourceTree = "<group>"; };
		1A0219AC20BF242D00B23FE4 /* CollectionLinks.swift */ = {isa = PBXFileReference; fileEncoding = 4; lastKnownFileType = sourcecode.swift; path = CollectionLinks.swift; sourceTree = "<group>"; };
		1A0219AE20BF248000B23FE4 /* PhotoUrls.swift */ = {isa = PBXFileReference; fileEncoding = 4; lastKnownFileType = sourcecode.swift; path = PhotoUrls.swift; sourceTree = "<group>"; };
		1A0219B220BF2A9700B23FE4 /* HexColors.swift */ = {isa = PBXFileReference; fileEncoding = 4; lastKnownFileType = sourcecode.swift; path = HexColors.swift; sourceTree = "<group>"; };
		1A0219B720BF2D1A00B23FE4 /* PINRemoteImage.framework */ = {isa = PBXFileReference; lastKnownFileType = wrapper.framework; name = PINRemoteImage.framework; path = Carthage/Build/iOS/PINRemoteImage.framework; sourceTree = "<group>"; };
		1A0219B820BF2D1A00B23FE4 /* PINCache.framework */ = {isa = PBXFileReference; lastKnownFileType = wrapper.framework; name = PINCache.framework; path = Carthage/Build/iOS/PINCache.framework; sourceTree = "<group>"; };
		1A75493620BDDED900D9D568 /* AppStore.app */ = {isa = PBXFileReference; explicitFileType = wrapper.application; includeInIndex = 0; path = AppStore.app; sourceTree = BUILT_PRODUCTS_DIR; };
		1A75493920BDDEDA00D9D568 /* AppDelegate.swift */ = {isa = PBXFileReference; lastKnownFileType = sourcecode.swift; path = AppDelegate.swift; sourceTree = "<group>"; };
		1A75493B20BDDEDA00D9D568 /* TodayViewController.swift */ = {isa = PBXFileReference; lastKnownFileType = sourcecode.swift; path = TodayViewController.swift; sourceTree = "<group>"; };
		1A75494020BDDEDC00D9D568 /* Assets.xcassets */ = {isa = PBXFileReference; lastKnownFileType = folder.assetcatalog; path = Assets.xcassets; sourceTree = "<group>"; };
		1A75494320BDDEDC00D9D568 /* Base */ = {isa = PBXFileReference; lastKnownFileType = file.storyboard; name = Base; path = Base.lproj/LaunchScreen.storyboard; sourceTree = "<group>"; };
		1A75494520BDDEDC00D9D568 /* Info.plist */ = {isa = PBXFileReference; lastKnownFileType = text.plist.xml; path = Info.plist; sourceTree = "<group>"; };
		1A75494B20BDEA6500D9D568 /* TabBarController.swift */ = {isa = PBXFileReference; lastKnownFileType = sourcecode.swift; path = TabBarController.swift; sourceTree = "<group>"; };
		1A75494D20BDF7D000D9D568 /* TodayCollectionViewCell.swift */ = {isa = PBXFileReference; lastKnownFileType = sourcecode.swift; path = TodayCollectionViewCell.swift; sourceTree = "<group>"; };
		1AB2DEBD20BE30500033119F /* TodayHeaderView.swift */ = {isa = PBXFileReference; lastKnownFileType = sourcecode.swift; path = TodayHeaderView.swift; sourceTree = "<group>"; };
		1AB2DEC120BE3A560033119F /* TextStyle.swift */ = {isa = PBXFileReference; lastKnownFileType = sourcecode.swift; path = TextStyle.swift; sourceTree = "<group>"; };
		1AB2DEC420BE517C0033119F /* Alamofire.framework */ = {isa = PBXFileReference; lastKnownFileType = wrapper.framework; name = Alamofire.framework; path = Carthage/Build/iOS/Alamofire.framework; sourceTree = "<group>"; };
		1AB2DEC820BE52D70033119F /* Route.swift */ = {isa = PBXFileReference; lastKnownFileType = sourcecode.swift; path = Route.swift; sourceTree = "<group>"; };
		1AB2DECB20BE55940033119F /* Api.swift */ = {isa = PBXFileReference; lastKnownFileType = sourcecode.swift; path = Api.swift; sourceTree = "<group>"; };
		1AB2DED220BE66DA0033119F /* Photo.swift */ = {isa = PBXFileReference; fileEncoding = 4; lastKnownFileType = sourcecode.swift; path = Photo.swift; sourceTree = "<group>"; };
		1AB2DED420BE66DA0033119F /* User.swift */ = {isa = PBXFileReference; fileEncoding = 4; lastKnownFileType = sourcecode.swift; path = User.swift; sourceTree = "<group>"; };
		1AB2DED520BE66DA0033119F /* ProfileImage.swift */ = {isa = PBXFileReference; fileEncoding = 4; lastKnownFileType = sourcecode.swift; path = ProfileImage.swift; sourceTree = "<group>"; };
		1AD8AF2C20C0624700655B05 /* SnapKit.framework */ = {isa = PBXFileReference; lastKnownFileType = wrapper.framework; name = SnapKit.framework; path = Carthage/Build/iOS/SnapKit.framework; sourceTree = "<group>"; };
		1AD8AF2F20C0A50B00655B05 /* IGListKit.framework */ = {isa = PBXFileReference; lastKnownFileType = wrapper.framework; name = IGListKit.framework; path = Carthage/Build/iOS/IGListKit.framework; sourceTree = "<group>"; };
		1AD8AF3420C0B02500655B05 /* PhotoSectionModel.swift */ = {isa = PBXFileReference; fileEncoding = 4; lastKnownFileType = sourcecode.swift; path = PhotoSectionModel.swift; sourceTree = "<group>"; };
		1AD8AF3520C0B02500655B05 /* CollectionSectionModel.swift */ = {isa = PBXFileReference; fileEncoding = 4; lastKnownFileType = sourcecode.swift; path = CollectionSectionModel.swift; sourceTree = "<group>"; };
		BF76F37223CF7CFD0084BEC2 /* HTTPMethod.swift */ = {isa = PBXFileReference; lastKnownFileType = sourcecode.swift; path = HTTPMethod.swift; sourceTree = "<group>"; };
		BF76F37423CF7D320084BEC2 /* ParameterEncoder.swift */ = {isa = PBXFileReference; lastKnownFileType = sourcecode.swift; path = ParameterEncoder.swift; sourceTree = "<group>"; };
		BF76F37623CF930E0084BEC2 /* UIImageView+Cache.swift */ = {isa = PBXFileReference; lastKnownFileType = sourcecode.swift; path = "UIImageView+Cache.swift"; sourceTree = "<group>"; };
		BF94FAEA23D0EAA9000D0878 /* TodayViewModel.swift */ = {isa = PBXFileReference; lastKnownFileType = sourcecode.swift; path = TodayViewModel.swift; sourceTree = "<group>"; };
		BF94FAEF23D76141000D0878 /* RocketDataSetup.swift */ = {isa = PBXFileReference; lastKnownFileType = sourcecode.swift; path = RocketDataSetup.swift; sourceTree = "<group>"; };
		BF94FAF523D9EB33000D0878 /* CollectionViewModel.swift */ = {isa = PBXFileReference; lastKnownFileType = sourcecode.swift; path = CollectionViewModel.swift; sourceTree = "<group>"; };
/* End PBXFileReference section */

/* Begin PBXFrameworksBuildPhase section */
		1A75493320BDDED900D9D568 /* Frameworks */ = {
			isa = PBXFrameworksBuildPhase;
			buildActionMask = 2147483647;
			files = (
				BF94FAEE23D62179000D0878 /* RocketData in Frameworks */,
				BF94FAF323D76273000D0878 /* Disk in Frameworks */,
				BF76F37123CF7CB40084BEC2 /* SnapKit in Frameworks */,
			);
			runOnlyForDeploymentPostprocessing = 0;
		};
/* End PBXFrameworksBuildPhase section */

/* Begin PBXGroup section */
		1A0219B120BF2A9700B23FE4 /* Extensions */ = {
			isa = PBXGroup;
			children = (
				1A0219A420BF16C800B23FE4 /* URLRequestConvertible+Request.swift */,
				1A0219B220BF2A9700B23FE4 /* HexColors.swift */,
				BF76F37623CF930E0084BEC2 /* UIImageView+Cache.swift */,
			);
			path = Extensions;
			sourceTree = "<group>";
		};
		1A75492D20BDDED900D9D568 = {
			isa = PBXGroup;
			children = (
				1A75493820BDDED900D9D568 /* AppStore */,
				1A75493720BDDED900D9D568 /* Products */,
				1AB2DEC320BE517B0033119F /* Frameworks */,
			);
			sourceTree = "<group>";
		};
		1A75493720BDDED900D9D568 /* Products */ = {
			isa = PBXGroup;
			children = (
				1A75493620BDDED900D9D568 /* AppStore.app */,
			);
			name = Products;
			sourceTree = "<group>";
		};
		1A75493820BDDED900D9D568 /* AppStore */ = {
			isa = PBXGroup;
			children = (
				1A75493920BDDEDA00D9D568 /* AppDelegate.swift */,
				BF94FAEF23D76141000D0878 /* RocketDataSetup.swift */,
				1AB2DEC020BE3A320033119F /* Utils */,
				1AB2DED020BE5D710033119F /* Models */,
				1AB2DEC620BE52040033119F /* Views */,
				1A75494020BDDEDC00D9D568 /* Assets.xcassets */,
				1A75494220BDDEDC00D9D568 /* LaunchScreen.storyboard */,
				1A75494520BDDEDC00D9D568 /* Info.plist */,
			);
			path = AppStore;
			sourceTree = "<group>";
		};
		1AB2DEC020BE3A320033119F /* Utils */ = {
			isa = PBXGroup;
			children = (
				1AB2DEC120BE3A560033119F /* TextStyle.swift */,
				BF94FAF523D9EB33000D0878 /* CollectionViewModel.swift */,
				1AB2DECA20BE52DC0033119F /* Api */,
				1A0219B120BF2A9700B23FE4 /* Extensions */,
			);
			path = Utils;
			sourceTree = "<group>";
		};
		1AB2DEC320BE517B0033119F /* Frameworks */ = {
			isa = PBXGroup;
			children = (
				1AD8AF2F20C0A50B00655B05 /* IGListKit.framework */,
				1AD8AF2C20C0624700655B05 /* SnapKit.framework */,
				1A0219B820BF2D1A00B23FE4 /* PINCache.framework */,
				1A0219B720BF2D1A00B23FE4 /* PINRemoteImage.framework */,
				1AB2DEC420BE517C0033119F /* Alamofire.framework */,
			);
			name = Frameworks;
			sourceTree = "<group>";
		};
		1AB2DEC620BE52040033119F /* Views */ = {
			isa = PBXGroup;
			children = (
				BF76F37823CF99E60084BEC2 /* Today */,
				1A75494B20BDEA6500D9D568 /* TabBarController.swift */,
			);
			path = Views;
			sourceTree = "<group>";
		};
		1AB2DECA20BE52DC0033119F /* Api */ = {
			isa = PBXGroup;
			children = (
				1AB2DECB20BE55940033119F /* Api.swift */,
				1AB2DEC820BE52D70033119F /* Route.swift */,
				BF76F37423CF7D320084BEC2 /* ParameterEncoder.swift */,
				BF76F37223CF7CFD0084BEC2 /* HTTPMethod.swift */,
			);
			path = Api;
			sourceTree = "<group>";
		};
		1AB2DED020BE5D710033119F /* Models */ = {
			isa = PBXGroup;
			children = (
				1AB2DED220BE66DA0033119F /* Photo.swift */,
				1A0219AA20BF242500B23FE4 /* PhotoLinks.swift */,
				1A0219AE20BF248000B23FE4 /* PhotoUrls.swift */,
				1AD8AF3420C0B02500655B05 /* PhotoSectionModel.swift */,
				1A0219A620BF1E2D00B23FE4 /* Collection.swift */,
				1A0219AC20BF242D00B23FE4 /* CollectionLinks.swift */,
				1AD8AF3520C0B02500655B05 /* CollectionSectionModel.swift */,
				1A0219A720BF1E2D00B23FE4 /* PreviewPhoto.swift */,
				1AB2DED520BE66DA0033119F /* ProfileImage.swift */,
				1AB2DED420BE66DA0033119F /* User.swift */,
			);
			path = Models;
			sourceTree = "<group>";
		};
		BF76F37823CF99E60084BEC2 /* Today */ = {
			isa = PBXGroup;
			children = (
				1AB2DEBD20BE30500033119F /* TodayHeaderView.swift */,
				1A75494D20BDF7D000D9D568 /* TodayCollectionViewCell.swift */,
				BF94FAEA23D0EAA9000D0878 /* TodayViewModel.swift */,
				1A75493B20BDDEDA00D9D568 /* TodayViewController.swift */,
			);
			path = Today;
			sourceTree = "<group>";
		};
/* End PBXGroup section */

/* Begin PBXNativeTarget section */
		1A75493520BDDED900D9D568 /* AppStore */ = {
			isa = PBXNativeTarget;
			buildConfigurationList = 1A75494820BDDEDC00D9D568 /* Build configuration list for PBXNativeTarget "AppStore" */;
			buildPhases = (
				1A75493220BDDED900D9D568 /* Sources */,
				1A75493320BDDED900D9D568 /* Frameworks */,
				1A75493420BDDED900D9D568 /* Resources */,
			);
			buildRules = (
			);
			dependencies = (
			);
			name = AppStore;
			packageProductDependencies = (
				BF76F37023CF7CB40084BEC2 /* SnapKit */,
				BF94FAED23D62179000D0878 /* RocketData */,
				BF94FAF223D76273000D0878 /* Disk */,
			);
			productName = AppStore;
			productReference = 1A75493620BDDED900D9D568 /* AppStore.app */;
			productType = "com.apple.product-type.application";
		};
/* End PBXNativeTarget section */

/* Begin PBXProject section */
		1A75492E20BDDED900D9D568 /* Project object */ = {
			isa = PBXProject;
			attributes = {
				LastSwiftUpdateCheck = 0930;
				LastUpgradeCheck = 0930;
				ORGANIZATIONNAME = "Heberti Almeida";
				TargetAttributes = {
					1A75493520BDDED900D9D568 = {
						CreatedOnToolsVersion = 9.3.1;
						LastSwiftMigration = 1130;
					};
				};
			};
			buildConfigurationList = 1A75493120BDDED900D9D568 /* Build configuration list for PBXProject "AppStore" */;
			compatibilityVersion = "Xcode 9.3";
			developmentRegion = en;
			hasScannedForEncodings = 0;
			knownRegions = (
				en,
				Base,
			);
			mainGroup = 1A75492D20BDDED900D9D568;
			packageReferences = (
				BF76F36F23CF7CB40084BEC2 /* XCRemoteSwiftPackageReference "SnapKit" */,
				BF94FAEC23D62179000D0878 /* XCRemoteSwiftPackageReference "RocketData" */,
				BF94FAF123D76273000D0878 /* XCRemoteSwiftPackageReference "Disk" */,
			);
			productRefGroup = 1A75493720BDDED900D9D568 /* Products */;
			projectDirPath = "";
			projectRoot = "";
			targets = (
				1A75493520BDDED900D9D568 /* AppStore */,
			);
		};
/* End PBXProject section */

/* Begin PBXResourcesBuildPhase section */
		1A75493420BDDED900D9D568 /* Resources */ = {
			isa = PBXResourcesBuildPhase;
			buildActionMask = 2147483647;
			files = (
				1A75494420BDDEDC00D9D568 /* LaunchScreen.storyboard in Resources */,
				1A75494120BDDEDC00D9D568 /* Assets.xcassets in Resources */,
			);
			runOnlyForDeploymentPostprocessing = 0;
		};
/* End PBXResourcesBuildPhase section */

/* Begin PBXSourcesBuildPhase section */
		1A75493220BDDED900D9D568 /* Sources */ = {
			isa = PBXSourcesBuildPhase;
			buildActionMask = 2147483647;
			files = (
				1AB2DEC220BE3A560033119F /* TextStyle.swift in Sources */,
				1A0219A520BF16C800B23FE4 /* URLRequestConvertible+Request.swift in Sources */,
				1A75494E20BDF7D000D9D568 /* TodayCollectionViewCell.swift in Sources */,
				1AB2DEBE20BE30500033119F /* TodayHeaderView.swift in Sources */,
				1AB2DEDA20BE66DA0033119F /* ProfileImage.swift in Sources */,
				1A75494C20BDEA6500D9D568 /* TabBarController.swift in Sources */,
				1A0219A820BF1E2D00B23FE4 /* Collection.swift in Sources */,
				1AB2DED720BE66DA0033119F /* Photo.swift in Sources */,
				1A0219AB20BF242500B23FE4 /* PhotoLinks.swift in Sources */,
				BF94FAF023D76141000D0878 /* RocketDataSetup.swift in Sources */,
				1A75493C20BDDEDA00D9D568 /* TodayViewController.swift in Sources */,
				1A0219AF20BF248000B23FE4 /* PhotoUrls.swift in Sources */,
				1A0219A920BF1E2D00B23FE4 /* PreviewPhoto.swift in Sources */,
				BF76F37523CF7D320084BEC2 /* ParameterEncoder.swift in Sources */,
				BF76F37723CF930E0084BEC2 /* UIImageView+Cache.swift in Sources */,
				1AB2DED920BE66DA0033119F /* User.swift in Sources */,
				BF94FAEB23D0EAA9000D0878 /* TodayViewModel.swift in Sources */,
				1A0219B320BF2A9700B23FE4 /* HexColors.swift in Sources */,
				1AD8AF3720C0B02600655B05 /* CollectionSectionModel.swift in Sources */,
				1AB2DEC920BE52D70033119F /* Route.swift in Sources */,
				1A0219AD20BF242D00B23FE4 /* CollectionLinks.swift in Sources */,
				BF76F37323CF7CFD0084BEC2 /* HTTPMethod.swift in Sources */,
				1AB2DECC20BE55940033119F /* Api.swift in Sources */,
				BF94FAF623D9EB33000D0878 /* CollectionViewModel.swift in Sources */,
				1A75493A20BDDEDA00D9D568 /* AppDelegate.swift in Sources */,
				1AD8AF3620C0B02600655B05 /* PhotoSectionModel.swift in Sources */,
			);
			runOnlyForDeploymentPostprocessing = 0;
		};
/* End PBXSourcesBuildPhase section */

/* Begin PBXVariantGroup section */
		1A75494220BDDEDC00D9D568 /* LaunchScreen.storyboard */ = {
			isa = PBXVariantGroup;
			children = (
				1A75494320BDDEDC00D9D568 /* Base */,
			);
			name = LaunchScreen.storyboard;
			sourceTree = "<group>";
		};
/* End PBXVariantGroup section */

/* Begin XCBuildConfiguration section */
		1A75494620BDDEDC00D9D568 /* Debug */ = {
			isa = XCBuildConfiguration;
			buildSettings = {
				ALWAYS_SEARCH_USER_PATHS = NO;
				CLANG_ANALYZER_NONNULL = YES;
				CLANG_ANALYZER_NUMBER_OBJECT_CONVERSION = YES_AGGRESSIVE;
				CLANG_CXX_LANGUAGE_STANDARD = "gnu++14";
				CLANG_CXX_LIBRARY = "libc++";
				CLANG_ENABLE_MODULES = YES;
				CLANG_ENABLE_OBJC_ARC = YES;
				CLANG_ENABLE_OBJC_WEAK = YES;
				CLANG_WARN_BLOCK_CAPTURE_AUTORELEASING = YES;
				CLANG_WARN_BOOL_CONVERSION = YES;
				CLANG_WARN_COMMA = YES;
				CLANG_WARN_CONSTANT_CONVERSION = YES;
				CLANG_WARN_DEPRECATED_OBJC_IMPLEMENTATIONS = YES;
				CLANG_WARN_DIRECT_OBJC_ISA_USAGE = YES_ERROR;
				CLANG_WARN_DOCUMENTATION_COMMENTS = YES;
				CLANG_WARN_EMPTY_BODY = YES;
				CLANG_WARN_ENUM_CONVERSION = YES;
				CLANG_WARN_INFINITE_RECURSION = YES;
				CLANG_WARN_INT_CONVERSION = YES;
				CLANG_WARN_NON_LITERAL_NULL_CONVERSION = YES;
				CLANG_WARN_OBJC_IMPLICIT_RETAIN_SELF = YES;
				CLANG_WARN_OBJC_LITERAL_CONVERSION = YES;
				CLANG_WARN_OBJC_ROOT_CLASS = YES_ERROR;
				CLANG_WARN_RANGE_LOOP_ANALYSIS = YES;
				CLANG_WARN_STRICT_PROTOTYPES = YES;
				CLANG_WARN_SUSPICIOUS_MOVE = YES;
				CLANG_WARN_UNGUARDED_AVAILABILITY = YES_AGGRESSIVE;
				CLANG_WARN_UNREACHABLE_CODE = YES;
				CLANG_WARN__DUPLICATE_METHOD_MATCH = YES;
				CODE_SIGN_IDENTITY = "iPhone Developer";
				COPY_PHASE_STRIP = NO;
				DEBUG_INFORMATION_FORMAT = dwarf;
				ENABLE_STRICT_OBJC_MSGSEND = YES;
				ENABLE_TESTABILITY = YES;
				GCC_C_LANGUAGE_STANDARD = gnu11;
				GCC_DYNAMIC_NO_PIC = NO;
				GCC_NO_COMMON_BLOCKS = YES;
				GCC_OPTIMIZATION_LEVEL = 0;
				GCC_PREPROCESSOR_DEFINITIONS = (
					"DEBUG=1",
					"$(inherited)",
				);
				GCC_WARN_64_TO_32_BIT_CONVERSION = YES;
				GCC_WARN_ABOUT_RETURN_TYPE = YES_ERROR;
				GCC_WARN_UNDECLARED_SELECTOR = YES;
				GCC_WARN_UNINITIALIZED_AUTOS = YES_AGGRESSIVE;
				GCC_WARN_UNUSED_FUNCTION = YES;
				GCC_WARN_UNUSED_VARIABLE = YES;
				IPHONEOS_DEPLOYMENT_TARGET = 11.3;
				MTL_ENABLE_DEBUG_INFO = YES;
				ONLY_ACTIVE_ARCH = YES;
				SDKROOT = iphoneos;
				SWIFT_ACTIVE_COMPILATION_CONDITIONS = DEBUG;
				SWIFT_OPTIMIZATION_LEVEL = "-Onone";
			};
			name = Debug;
		};
		1A75494720BDDEDC00D9D568 /* Release */ = {
			isa = XCBuildConfiguration;
			buildSettings = {
				ALWAYS_SEARCH_USER_PATHS = NO;
				CLANG_ANALYZER_NONNULL = YES;
				CLANG_ANALYZER_NUMBER_OBJECT_CONVERSION = YES_AGGRESSIVE;
				CLANG_CXX_LANGUAGE_STANDARD = "gnu++14";
				CLANG_CXX_LIBRARY = "libc++";
				CLANG_ENABLE_MODULES = YES;
				CLANG_ENABLE_OBJC_ARC = YES;
				CLANG_ENABLE_OBJC_WEAK = YES;
				CLANG_WARN_BLOCK_CAPTURE_AUTORELEASING = YES;
				CLANG_WARN_BOOL_CONVERSION = YES;
				CLANG_WARN_COMMA = YES;
				CLANG_WARN_CONSTANT_CONVERSION = YES;
				CLANG_WARN_DEPRECATED_OBJC_IMPLEMENTATIONS = YES;
				CLANG_WARN_DIRECT_OBJC_ISA_USAGE = YES_ERROR;
				CLANG_WARN_DOCUMENTATION_COMMENTS = YES;
				CLANG_WARN_EMPTY_BODY = YES;
				CLANG_WARN_ENUM_CONVERSION = YES;
				CLANG_WARN_INFINITE_RECURSION = YES;
				CLANG_WARN_INT_CONVERSION = YES;
				CLANG_WARN_NON_LITERAL_NULL_CONVERSION = YES;
				CLANG_WARN_OBJC_IMPLICIT_RETAIN_SELF = YES;
				CLANG_WARN_OBJC_LITERAL_CONVERSION = YES;
				CLANG_WARN_OBJC_ROOT_CLASS = YES_ERROR;
				CLANG_WARN_RANGE_LOOP_ANALYSIS = YES;
				CLANG_WARN_STRICT_PROTOTYPES = YES;
				CLANG_WARN_SUSPICIOUS_MOVE = YES;
				CLANG_WARN_UNGUARDED_AVAILABILITY = YES_AGGRESSIVE;
				CLANG_WARN_UNREACHABLE_CODE = YES;
				CLANG_WARN__DUPLICATE_METHOD_MATCH = YES;
				CODE_SIGN_IDENTITY = "iPhone Developer";
				COPY_PHASE_STRIP = NO;
				DEBUG_INFORMATION_FORMAT = "dwarf-with-dsym";
				ENABLE_NS_ASSERTIONS = NO;
				ENABLE_STRICT_OBJC_MSGSEND = YES;
				GCC_C_LANGUAGE_STANDARD = gnu11;
				GCC_NO_COMMON_BLOCKS = YES;
				GCC_WARN_64_TO_32_BIT_CONVERSION = YES;
				GCC_WARN_ABOUT_RETURN_TYPE = YES_ERROR;
				GCC_WARN_UNDECLARED_SELECTOR = YES;
				GCC_WARN_UNINITIALIZED_AUTOS = YES_AGGRESSIVE;
				GCC_WARN_UNUSED_FUNCTION = YES;
				GCC_WARN_UNUSED_VARIABLE = YES;
				IPHONEOS_DEPLOYMENT_TARGET = 11.3;
				MTL_ENABLE_DEBUG_INFO = NO;
				SDKROOT = iphoneos;
				SWIFT_COMPILATION_MODE = wholemodule;
				SWIFT_OPTIMIZATION_LEVEL = "-O";
				VALIDATE_PRODUCT = YES;
			};
			name = Release;
		};
		1A75494920BDDEDC00D9D568 /* Debug */ = {
			isa = XCBuildConfiguration;
			buildSettings = {
				ASSETCATALOG_COMPILER_APPICON_NAME = AppIcon;
				CODE_SIGN_STYLE = Automatic;
				DEVELOPMENT_TEAM = 32F2T8EJ6G;
				FRAMEWORK_SEARCH_PATHS = (
					"$(inherited)",
					"$(PROJECT_DIR)/Carthage/Build/iOS",
				);
				INFOPLIST_FILE = AppStore/Info.plist;
				IPHONEOS_DEPLOYMENT_TARGET = 13.0;
				LD_RUNPATH_SEARCH_PATHS = (
					"$(inherited)",
					"@executable_path/Frameworks",
				);
				PRODUCT_BUNDLE_IDENTIFIER = com.hebertialmeida.AppStore;
				PRODUCT_NAME = "$(TARGET_NAME)";
				SWIFT_VERSION = 5.0;
				TARGETED_DEVICE_FAMILY = "1,2";
			};
			name = Debug;
		};
		1A75494A20BDDEDC00D9D568 /* Release */ = {
			isa = XCBuildConfiguration;
			buildSettings = {
				ASSETCATALOG_COMPILER_APPICON_NAME = AppIcon;
				CODE_SIGN_STYLE = Automatic;
				DEVELOPMENT_TEAM = 32F2T8EJ6G;
				FRAMEWORK_SEARCH_PATHS = (
					"$(inherited)",
					"$(PROJECT_DIR)/Carthage/Build/iOS",
				);
				INFOPLIST_FILE = AppStore/Info.plist;
				IPHONEOS_DEPLOYMENT_TARGET = 13.0;
				LD_RUNPATH_SEARCH_PATHS = (
					"$(inherited)",
					"@executable_path/Frameworks",
				);
				PRODUCT_BUNDLE_IDENTIFIER = com.hebertialmeida.AppStore;
				PRODUCT_NAME = "$(TARGET_NAME)";
				SWIFT_VERSION = 5.0;
				TARGETED_DEVICE_FAMILY = "1,2";
			};
			name = Release;
		};
/* End XCBuildConfiguration section */

/* Begin XCConfigurationList section */
		1A75493120BDDED900D9D568 /* Build configuration list for PBXProject "AppStore" */ = {
			isa = XCConfigurationList;
			buildConfigurations = (
				1A75494620BDDEDC00D9D568 /* Debug */,
				1A75494720BDDEDC00D9D568 /* Release */,
			);
			defaultConfigurationIsVisible = 0;
			defaultConfigurationName = Release;
		};
		1A75494820BDDEDC00D9D568 /* Build configuration list for PBXNativeTarget "AppStore" */ = {
			isa = XCConfigurationList;
			buildConfigurations = (
				1A75494920BDDEDC00D9D568 /* Debug */,
				1A75494A20BDDEDC00D9D568 /* Release */,
			);
			defaultConfigurationIsVisible = 0;
			defaultConfigurationName = Release;
		};
/* End XCConfigurationList section */

/* Begin XCRemoteSwiftPackageReference section */
		BF76F36F23CF7CB40084BEC2 /* XCRemoteSwiftPackageReference "SnapKit" */ = {
			isa = XCRemoteSwiftPackageReference;
			repositoryURL = "https://github.com/SnapKit/SnapKit";
			requirement = {
				kind = upToNextMajorVersion;
				minimumVersion = 5.0.1;
			};
		};
		BF94FAEC23D62179000D0878 /* XCRemoteSwiftPackageReference "RocketData" */ = {
			isa = XCRemoteSwiftPackageReference;
			repositoryURL = "https://github.com/plivesey/RocketData";
			requirement = {
				branch = master;
				kind = branch;
			};
		};
		BF94FAF123D76273000D0878 /* XCRemoteSwiftPackageReference "Disk" */ = {
			isa = XCRemoteSwiftPackageReference;
			repositoryURL = "https://github.com/saoudrizwan/Disk";
			requirement = {
				kind = upToNextMajorVersion;
				minimumVersion = 0.6.4;
			};
		};
/* End XCRemoteSwiftPackageReference section */

/* Begin XCSwiftPackageProductDependency section */
		BF76F37023CF7CB40084BEC2 /* SnapKit */ = {
			isa = XCSwiftPackageProductDependency;
			package = BF76F36F23CF7CB40084BEC2 /* XCRemoteSwiftPackageReference "SnapKit" */;
			productName = SnapKit;
		};
		BF94FAED23D62179000D0878 /* RocketData */ = {
			isa = XCSwiftPackageProductDependency;
			package = BF94FAEC23D62179000D0878 /* XCRemoteSwiftPackageReference "RocketData" */;
			productName = RocketData;
		};
		BF94FAF223D76273000D0878 /* Disk */ = {
			isa = XCSwiftPackageProductDependency;
			package = BF94FAF123D76273000D0878 /* XCRemoteSwiftPackageReference "Disk" */;
			productName = Disk;
		};
/* End XCSwiftPackageProductDependency section */
	};
	rootObject = 1A75492E20BDDED900D9D568 /* Project object */;
}
